
Microsoft Visual Studio Solution File, Format Version 12.00
# Visual Studio Version 16
VisualStudioVersion = 16.0.32929.386
MinimumVisualStudioVersion = 10.0.40219.1
Project("{FAE04EC0-301F-11D3-BF4B-00C04F79EFBC}") = "apiproje", "apiproje\apiproje.csproj", "{11F8D8F3-67F7-481D-BD5A-F5DC2CE366F1}"
EndProject
Global
	GlobalSection(SolutionConfigurationPlatforms) = preSolution
		Debug|Any CPU = Debug|Any CPU
		Release|Any CPU = Release|Any CPU
	EndGlobalSection
	GlobalSection(ProjectConfigurationPlatforms) = postSolution
		{11F8D8F3-67F7-481D-BD5A-F5DC2CE366F1}.Debug|Any CPU.ActiveCfg = Debug|Any CPU
		{11F8D8F3-67F7-481D-BD5A-F5DC2CE366F1}.Debug|Any CPU.Build.0 = Debug|Any CPU
		{11F8D8F3-67F7-481D-BD5A-F5DC2CE366F1}.Release|Any CPU.ActiveCfg = Release|Any CPU
		{11F8D8F3-67F7-481D-BD5A-F5DC2CE366F1}.Release|Any CPU.Build.0 = Release|Any CPU
	EndGlobalSection
	GlobalSection(SolutionProperties) = preSolution
		HideSolutionNode = FALSE
	EndGlobalSection
	GlobalSection(ExtensibilityGlobals) = postSolution
		SolutionGuid = {160B1CBF-51F3-4C7E-8D98-432F70DB89F6}
	EndGlobalSection
EndGlobal
